
Microsoft Visual Studio Solution File, Format Version 12.00
# Visual Studio Version 17
VisualStudioVersion = 17.4.33110.190
MinimumVisualStudioVersion = 10.0.40219.1
Project("{FAE04EC0-301F-11D3-BF4B-00C04F79EFBC}") = "Algoritma", "Algoritma\Algoritma.csproj", "{445D8B20-50D1-460B-A06E-E406609FD53F}"
EndProject
Global
	GlobalSection(SolutionConfigurationPlatforms) = preSolution
		Debug|Any CPU = Debug|Any CPU
		Release|Any CPU = Release|Any CPU
	EndGlobalSection
	GlobalSection(ProjectConfigurationPlatforms) = postSolution
		{445D8B20-50D1-460B-A06E-E406609FD53F}.Debug|Any CPU.ActiveCfg = Debug|Any CPU
		{445D8B20-50D1-460B-A06E-E406609FD53F}.Debug|Any CPU.Build.0 = Debug|Any CPU
		{445D8B20-50D1-460B-A06E-E406609FD53F}.Release|Any CPU.ActiveCfg = Release|Any CPU
		{445D8B20-50D1-460B-A06E-E406609FD53F}.Release|Any CPU.Build.0 = Release|Any CPU
	EndGlobalSection
	GlobalSection(SolutionProperties) = preSolution
		HideSolutionNode = FALSE
	EndGlobalSection
	GlobalSection(ExtensibilityGlobals) = postSolution
		SolutionGuid = {0E69C4E8-61C4-480C-8CC5-CAEB67B1061A}
	EndGlobalSection
EndGlobal
